{
  "meteor": {},
  "dependencies": {
    "basePackages": {
      "iron-router": {},
      "spin": {},
      "moment": {},
      "user-session": {},
      "bootstrap-wysiwyg": {},
      "collectionFS": {
        "git": "https://github.com/CollectionFS/Meteor-CollectionFS.git",
        "branch": "devel"
      },
      "cfs-gridfs": {
        "git": "https://github.com/CollectionFS/Meteor-cfs-gridfs.git",
        "branch": "master"
      },
      "cfs-filesystem": {
        "git": "https://github.com/CollectionFS/Meteor-cfs-filesystem.git",
        "branch": "master"
      },
      "cfs-handlebars": {
        "git": "https://github.com/CollectionFS/Meteor-cfs-handlebars.git",
        "branch": "master"
      },
      "cfs-graphicsmagick": {
        "git": "https://github.com/CollectionFS/Meteor-cfs-graphicsmagick.git",
        "branch": "master"
      }
    },
    "packages": {
      "iron-router": {
        "git": "https://github.com/EventedMind/iron-router.git",
        "tag": "v0.6.4",
        "commit": "927bbaed1b87894fb6fb70807f74ff3a5bd89f29"
      },
      "spin": {
        "git": "https://github.com/SachaG/meteor-spin.git",
        "tag": "v0.2.2",
        "commit": "3f655f0016228e4195acc784c45d3e3a247dc39f"
      },
      "moment": {
        "git": "https://github.com/acreeger/meteor-moment.git",
        "tag": "v2.5.1",
        "commit": "8c9bc5d3fc96705057737cb9743d555417f6e551"
      },
      "user-session": {
        "git": "https://github.com/BenjaminRH/meteor-user-session.git",
        "tag": "v0.2.0",
        "commit": "9ce8cb3385f6bc08918dd30313f2251a42e6ff3b"
      },
      "bootstrap-wysiwyg": {
        "git": "https://github.com/mcrider/meteor-bootstrap-wysiwyg.git",
        "tag": "v0.1.0",
        "commit": "b9b1ffadb42b8bbfade08aaea10e4fbe890d21dd"
      },
      "collectionFS": {
        "git": "https://github.com/CollectionFS/Meteor-CollectionFS.git",
        "branch": "devel",
        "commit": "07152c6806527d3f0f069c0f88fb47875a0a66be"
      },
      "cfs-gridfs": {
        "git": "https://github.com/CollectionFS/Meteor-cfs-gridfs.git",
        "branch": "master",
        "commit": "f35386c2dbaacf434a69ec23aaae3bc13e9215ac"
      },
      "cfs-filesystem": {
        "git": "https://github.com/CollectionFS/Meteor-cfs-filesystem.git",
        "branch": "master",
        "commit": "bef7e0904bff2dec6bb77e584fefffbea12775e1"
      },
      "cfs-handlebars": {
        "git": "https://github.com/CollectionFS/Meteor-cfs-handlebars.git",
        "branch": "master",
        "commit": "71c5454dcea4f8e0822ac0e43e9d2c63360a80a3"
      },
      "cfs-graphicsmagick": {
        "git": "https://github.com/CollectionFS/Meteor-cfs-graphicsmagick.git",
        "branch": "master",
        "commit": "c3a5c3cd4d6071e14e273aa0d66eae4ddee02470"
      },
      "cfs-base-package": {
        "git": "https://github.com/CollectionFS/Meteor-cfs-base-package.git",
        "branch": "master",
        "commit": "b1121c93963370d180edd0ba7526dc3da14193bd"
      },
      "cfs-transfer": {
        "git": "https://github.com/CollectionFS/Meteor-cfs-transfer.git",
        "branch": "master",
        "commit": "8fbcbff962cda2e0d97fbe6126e19db4042fd6b5"
      },
      "cfs-file": {
        "git": "https://github.com/CollectionFS/Meteor-cfs-file.git",
        "branch": "master",
        "commit": "be46752ea6bee73b286105a4b15c64e5da8411ba"
      },
      "cfs-ejson-file": {
        "git": "https://github.com/CollectionFS/Meteor-cfs-ejson-file.git",
        "branch": "master",
        "commit": "25f054b2454cd1bdf8903d5d8fdf2483205bf91a"
      },
      "cfs-collection": {
        "git": "https://github.com/CollectionFS/Meteor-cfs-collection.git",
        "branch": "master",
        "commit": "85ed4a6c622cfaff0daa25e414462c0953deb91e"
      },
      "cfs-access-point": {
        "git": "https://github.com/CollectionFS/Meteor-cfs-access-point.git",
        "branch": "master",
        "commit": "757de0dd24144fd2a9b2bd7bf0135f6e2e06c576"
      },
      "cfs-worker": {
        "git": "https://github.com/CollectionFS/Meteor-cfs-worker.git",
        "branch": "master",
        "commit": "4a38e4fd1f82eefab1ce2bc46ef07ab8e64003c3"
      },
      "cfs-upload-http": {
        "git": "https://github.com/CollectionFS/Meteor-cfs-upload-http.git",
        "branch": "master",
        "commit": "3be9f981b47e830905bfb47a5466e6b1d3b5361e"
      },
      "cfs-storage-adapter": {
        "git": "https://github.com/CollectionFS/Meteor-cfs-storage-adapter.git",
        "branch": "master",
        "commit": "f3792d2f214d6258e4008c7a75f9ed8418090d28"
      },
      "power-queue": {
        "git": "https://github.com/CollectionFS/Meteor-power-queue.git",
        "branch": "master",
        "commit": "392ff52095b1210fe25dc91283366de3bc18d071"
      },
      "reactive-list": {
        "git": "https://github.com/CollectionFS/Meteor-reactive-list.git",
        "branch": "master",
        "commit": "eeecad2971e85dfb67b337f8469b2eff6ddcf9ec"
      },
      "cfs-filesaver": {
        "git": "https://github.com/CollectionFS/Meteor-cfs-filesaver.git",
        "branch": "master",
        "commit": "f429c126f8fd7e5d0448d23de6dcd5d2d8cfca9a"
      },
      "cfs-upload-ddp": {
        "git": "https://github.com/CollectionFS/Meteor-cfs-upload-ddp.git",
        "branch": "master",
        "commit": "45a7c3badc418633b82a307f78935324dfe59e21"
      },
      "http-methods": {
        "git": "https://github.com/CollectionFS/Meteor-http-methods.git",
        "branch": "master",
        "commit": "e4a1fc13b4a40a46b6d07a8f64d1616850352d9d"
      },
      "http-publish": {
        "git": "https://github.com/CollectionFS/Meteor-http-publish.git",
        "branch": "master",
        "commit": "e74830479276de95629f85b6116310e10529dcdd"
      },
      "cfs-tempstore": {
        "git": "https://github.com/CollectionFS/Meteor-cfs-tempstore.git",
        "branch": "master",
        "commit": "acdbe058104e8db3b32e3d28139156205a122b64"
      },
      "reactive-property": {
        "git": "https://github.com/CollectionFS/Meteor-reactive-property.git",
        "branch": "master",
        "commit": "fcd9d1cafbc2d86d5a25fb3c1d92a6d0348b6e08"
      },
      "micro-queue": {
        "git": "https://github.com/CollectionFS/Meteor-micro-queue.git",
        "branch": "master",
        "commit": "d9ccd457508380837304924a3347e02616896a4b"
      }
    }
  }
}
